
Microsoft Visual Studio Solution File, Format Version 12.00
# Visual Studio Version 16
VisualStudioVersion = 16.0.28922.388
MinimumVisualStudioVersion = 10.0.40219.1
Project("{888888A0-9F3D-457C-B088-3A5042F75D52}") = "lesson6part1", "lesson6part1\lesson6part1.pyproj", "{A6AD2944-1255-4989-9417-321B6B5B8803}"
EndProject
Global
	GlobalSection(SolutionConfigurationPlatforms) = preSolution
		Debug|Any CPU = Debug|Any CPU
		Release|Any CPU = Release|Any CPU
	EndGlobalSection
	GlobalSection(ProjectConfigurationPlatforms) = postSolution
		{A6AD2944-1255-4989-9417-321B6B5B8803}.Debug|Any CPU.ActiveCfg = Debug|Any CPU
		{A6AD2944-1255-4989-9417-321B6B5B8803}.Release|Any CPU.ActiveCfg = Release|Any CPU
	EndGlobalSection
	GlobalSection(SolutionProperties) = preSolution
		HideSolutionNode = FALSE
	EndGlobalSection
	GlobalSection(ExtensibilityGlobals) = postSolution
		SolutionGuid = {08AB93AC-4DD9-41B2-891E-297FA49AE299}
	EndGlobalSection
EndGlobal
