
Microsoft Visual Studio Solution File, Format Version 12.00
# Visual Studio Version 16
VisualStudioVersion = 16.0.28922.388
MinimumVisualStudioVersion = 10.0.40219.1
Project("{888888A0-9F3D-457C-B088-3A5042F75D52}") = "dz_hero", "dz_hero\dz_hero.pyproj", "{48A3EC0C-C707-4616-B1ED-8D8964B22A67}"
EndProject
Global
	GlobalSection(SolutionConfigurationPlatforms) = preSolution
		Debug|Any CPU = Debug|Any CPU
		Release|Any CPU = Release|Any CPU
	EndGlobalSection
	GlobalSection(ProjectConfigurationPlatforms) = postSolution
		{48A3EC0C-C707-4616-B1ED-8D8964B22A67}.Debug|Any CPU.ActiveCfg = Debug|Any CPU
		{48A3EC0C-C707-4616-B1ED-8D8964B22A67}.Release|Any CPU.ActiveCfg = Release|Any CPU
	EndGlobalSection
	GlobalSection(SolutionProperties) = preSolution
		HideSolutionNode = FALSE
	EndGlobalSection
	GlobalSection(ExtensibilityGlobals) = postSolution
		SolutionGuid = {822C042C-F5A9-4668-83A1-07C6271205E1}
	EndGlobalSection
EndGlobal
