
Microsoft Visual Studio Solution File, Format Version 12.00
# Visual Studio Version 16
VisualStudioVersion = 16.0.29009.5
MinimumVisualStudioVersion = 10.0.40219.1
Project("{888888A0-9F3D-457C-B088-3A5042F75D52}") = "project_bot", "project_bot\project_bot.pyproj", "{40B3AF50-4F95-4973-A591-B33EE9B3A558}"
EndProject
Global
	GlobalSection(SolutionConfigurationPlatforms) = preSolution
		Debug|Any CPU = Debug|Any CPU
		Release|Any CPU = Release|Any CPU
	EndGlobalSection
	GlobalSection(ProjectConfigurationPlatforms) = postSolution
		{40B3AF50-4F95-4973-A591-B33EE9B3A558}.Debug|Any CPU.ActiveCfg = Debug|Any CPU
		{40B3AF50-4F95-4973-A591-B33EE9B3A558}.Release|Any CPU.ActiveCfg = Release|Any CPU
	EndGlobalSection
	GlobalSection(SolutionProperties) = preSolution
		HideSolutionNode = FALSE
	EndGlobalSection
	GlobalSection(ExtensibilityGlobals) = postSolution
		SolutionGuid = {57D2860D-4A66-401B-AB4C-70598A927F3F}
	EndGlobalSection
EndGlobal
